{
  "version": 4,
  "terraform_version": "0.12.29",
  "serial": 3,
  "lineage": "008c6420-cb86-8c8f-bab7-82834db97aff",
  "outputs": {
    "external_ip_address_app": {
      "value": [
        "84.201.157.221",
        "84.201.158.155"
      ],
      "type": [
        "tuple",
        [
          "string",
          "string"
        ]
      ]
    }
  },
  "resources": [
    {
      "mode": "managed",
      "type": "yandex_compute_instance",
      "name": "app",
      "each": "list",
      "provider": "provider.yandex",
      "instances": [
        {
          "index_key": 0,
          "schema_version": 1,
          "attributes": {
            "allow_stopping_for_update": null,
            "boot_disk": [
              {
                "auto_delete": true,
                "device_name": "fhmoliupbujovacvvb7n",
                "disk_id": "fhmoliupbujovacvvb7n",
                "initialize_params": [
                  {
                    "description": "",
                    "image_id": "fd8bqnp82uvp0kpjnhgi",
                    "name": "",
                    "size": 10,
                    "snapshot_id": "",
                    "type": "network-hdd"
                  }
                ],
                "mode": "READ_WRITE"
              }
            ],
            "created_at": "2020-11-13T20:45:13Z",
            "description": "",
            "folder_id": "b1g1673ch79hit25rmdc",
            "fqdn": "fhmpql99i6kj4cq697bv.auto.internal",
            "hostname": "fhmpql99i6kj4cq697bv",
            "id": "fhmpql99i6kj4cq697bv",
            "labels": null,
            "metadata": {
              "ssh-keys": "ubuntu:ssh-rsa AAAAB3NzaC1yc2EAAAADAQABAAACAQCrO27lQZ86YywInf4Rp9RaZ9r67tH8X2/6qVGnCyG2O0HJYyyFcDvG7f5BH1Z1ejSjT0hDBI/If8+zVqUFbVjNCGogIBNo6A/GvUStQT8bsrQbexrb5Ac3NEAZcao425Rc37VMJb85Io5n1Hjz5DwEtn6JIj4w7keiH59pZY7zsQVzRKDYqi9u0Vwo2edFtoG/XceZh4ct0E79F/2kAgZRDcZ50Mf5D2HKlA/Ow2UBee2ON8pGCIOtxx4J2i3gKfZMwCa/EYOEntfpd5CljLEKXgnJR50ZjDmzIA7YHxWgsH1TYOHWREsj5AFKUlBOEvOD0tEEzhIUh4YHyRVoliWTn1qgkD1zGilW9M/JbZVFHo6OK0wf4UuegKSU3luttPH+ftnh5kUv9+HRBOcRTIephjIX0Bg6zhMkXzINcWBuEoV0gGO6QMD4pSr5OEk0Sw+yZi5Jlxwk5NuhRmTQHdmnqJ9e0z2UphG+TQps5LVqN5uZHJcN6TfU7Zb8+T8qYl+0EPbLU0W7EtZuWBOxoou/iba+uwfvClSGpggyTjsesH1mTj4GEVSUkirvLhcZS4HigoQZulAm43r2+wsn2waEDkty/H4eMI0RitWJYyKykK3sUbgdaBZHOpcScH2x4FE7wR7Q6jq4n4/HBIrX2ie5e1sDOPu2Ig9wpPYOgbr8kw== macbook-gitlab-key\n"
            },
            "name": "reddit-app",
            "network_acceleration_type": "standard",
            "network_interface": [
              {
                "index": 0,
                "ip_address": "10.130.0.26",
                "ipv4": true,
                "ipv6": false,
                "ipv6_address": "",
                "mac_address": "d0:0d:19:d5:52:99",
                "nat": true,
                "nat_ip_address": "84.201.157.221",
                "nat_ip_version": "IPV4",
                "security_group_ids": [],
                "subnet_id": "e9b68blb5aphc5edeiff"
              }
            ],
            "platform_id": "standard-v1",
            "resources": [
              {
                "core_fraction": 100,
                "cores": 2,
                "gpus": 0,
                "memory": 2
              }
            ],
            "scheduling_policy": [
              {
                "preemptible": false
              }
            ],
            "secondary_disk": [],
            "service_account_id": "",
            "status": "running",
            "timeouts": null,
            "zone": "ru-central1-a"
          },
          "private": "eyJlMmJmYjczMC1lY2FhLTExZTYtOGY4OC0zNDM2M2JjN2M0YzAiOnsiY3JlYXRlIjozMDAwMDAwMDAwMDAsImRlbGV0ZSI6MzAwMDAwMDAwMDAwLCJ1cGRhdGUiOjMwMDAwMDAwMDAwMH0sInNjaGVtYV92ZXJzaW9uIjoiMSJ9"
        },
        {
          "index_key": 1,
          "schema_version": 1,
          "attributes": {
            "allow_stopping_for_update": null,
            "boot_disk": [
              {
                "auto_delete": true,
                "device_name": "fhmuo8pvqaaqd5qn00fv",
                "disk_id": "fhmuo8pvqaaqd5qn00fv",
                "initialize_params": [
                  {
                    "description": "",
                    "image_id": "fd8bqnp82uvp0kpjnhgi",
                    "name": "",
                    "size": 10,
                    "snapshot_id": "",
                    "type": "network-hdd"
                  }
                ],
                "mode": "READ_WRITE"
              }
            ],
            "created_at": "2020-11-13T20:45:13Z",
            "description": "",
            "folder_id": "b1g1673ch79hit25rmdc",
            "fqdn": "fhmpibcolk2vq0fvrnqo.auto.internal",
            "hostname": "fhmpibcolk2vq0fvrnqo",
            "id": "fhmpibcolk2vq0fvrnqo",
            "labels": null,
            "metadata": {
              "ssh-keys": "ubuntu:ssh-rsa AAAAB3NzaC1yc2EAAAADAQABAAACAQCrO27lQZ86YywInf4Rp9RaZ9r67tH8X2/6qVGnCyG2O0HJYyyFcDvG7f5BH1Z1ejSjT0hDBI/If8+zVqUFbVjNCGogIBNo6A/GvUStQT8bsrQbexrb5Ac3NEAZcao425Rc37VMJb85Io5n1Hjz5DwEtn6JIj4w7keiH59pZY7zsQVzRKDYqi9u0Vwo2edFtoG/XceZh4ct0E79F/2kAgZRDcZ50Mf5D2HKlA/Ow2UBee2ON8pGCIOtxx4J2i3gKfZMwCa/EYOEntfpd5CljLEKXgnJR50ZjDmzIA7YHxWgsH1TYOHWREsj5AFKUlBOEvOD0tEEzhIUh4YHyRVoliWTn1qgkD1zGilW9M/JbZVFHo6OK0wf4UuegKSU3luttPH+ftnh5kUv9+HRBOcRTIephjIX0Bg6zhMkXzINcWBuEoV0gGO6QMD4pSr5OEk0Sw+yZi5Jlxwk5NuhRmTQHdmnqJ9e0z2UphG+TQps5LVqN5uZHJcN6TfU7Zb8+T8qYl+0EPbLU0W7EtZuWBOxoou/iba+uwfvClSGpggyTjsesH1mTj4GEVSUkirvLhcZS4HigoQZulAm43r2+wsn2waEDkty/H4eMI0RitWJYyKykK3sUbgdaBZHOpcScH2x4FE7wR7Q6jq4n4/HBIrX2ie5e1sDOPu2Ig9wpPYOgbr8kw== macbook-gitlab-key\n"
            },
            "name": "reddit-app2",
            "network_acceleration_type": "standard",
            "network_interface": [
              {
                "index": 0,
                "ip_address": "10.130.0.16",
                "ipv4": true,
                "ipv6": false,
                "ipv6_address": "",
                "mac_address": "d0:0d:19:92:d9:8a",
                "nat": true,
                "nat_ip_address": "84.201.158.155",
                "nat_ip_version": "IPV4",
                "security_group_ids": [],
                "subnet_id": "e9b68blb5aphc5edeiff"
              }
            ],
            "platform_id": "standard-v1",
            "resources": [
              {
                "core_fraction": 100,
                "cores": 2,
                "gpus": 0,
                "memory": 2
              }
            ],
            "scheduling_policy": [
              {
                "preemptible": false
              }
            ],
            "secondary_disk": [],
            "service_account_id": "",
            "status": "running",
            "timeouts": null,
            "zone": "ru-central1-a"
          },
          "private": "eyJlMmJmYjczMC1lY2FhLTExZTYtOGY4OC0zNDM2M2JjN2M0YzAiOnsiY3JlYXRlIjozMDAwMDAwMDAwMDAsImRlbGV0ZSI6MzAwMDAwMDAwMDAwLCJ1cGRhdGUiOjMwMDAwMDAwMDAwMH0sInNjaGVtYV92ZXJzaW9uIjoiMSJ9"
        }
      ]
    }
  ]
}
